
Microsoft Visual Studio Solution File, Format Version 12.00
# Visual Studio Version 16
VisualStudioVersion = 16.0.31624.102
MinimumVisualStudioVersion = 10.0.40219.1
Project("{2150E333-8FDC-42A3-9474-1A3956D46DE8}") = "Services", "Services", "{CA5F485B-E3EF-47D7-BAFB-6D98A1F885CA}"
EndProject
Project("{2150E333-8FDC-42A3-9474-1A3956D46DE8}") = "Catalog", "Catalog", "{0C24D22C-853F-42A1-A16F-1C77F5AF9655}"
EndProject
Project("{9A19103F-16F7-4668-BE54-9A1E7A4F7556}") = "Catalog.API", "Services\Catalog\Catalog.API\Catalog.API.csproj", "{7107F01A-026C-4F64-9AE3-A7A331B8BD68}"
EndProject
Project("{E53339B2-1760-4266-BCC7-CA923CBCF16C}") = "docker-compose", "docker-compose.dcproj", "{F26B9D8A-FA87-49FD-BE3F-14F0C292B431}"
EndProject
Project("{2150E333-8FDC-42A3-9474-1A3956D46DE8}") = "Basket", "Basket", "{F125519A-F78C-4E65-89E6-8983BE4E11EF}"
EndProject
Project("{9A19103F-16F7-4668-BE54-9A1E7A4F7556}") = "Basket.API", "Services\Basket\Basket.API\Basket.API.csproj", "{99D80DD6-7BF1-4FE0-913E-158C434C387B}"
EndProject
Project("{2150E333-8FDC-42A3-9474-1A3956D46DE8}") = "Discount", "Discount", "{63C8C189-B45D-4968-AF10-3D355760A0D5}"
EndProject
Project("{9A19103F-16F7-4668-BE54-9A1E7A4F7556}") = "Discount.API", "Services\Discount\Discount.API\Discount.API.csproj", "{CA773533-FE09-4648-A14B-2CEF7E0B14D2}"
EndProject
Project("{9A19103F-16F7-4668-BE54-9A1E7A4F7556}") = "Discount.Grpc", "Services\Discount\Discount.Grpc\Discount.Grpc.csproj", "{E45B4A98-6DF3-4F9C-A30B-EA6EE8D345B2}"
EndProject
Project("{2150E333-8FDC-42A3-9474-1A3956D46DE8}") = "Ordering", "Ordering", "{95E12BB0-D04D-49F0-B9BD-AC07B0D9FEE2}"
EndProject
Project("{FAE04EC0-301F-11D3-BF4B-00C04F79EFBC}") = "Ordering.API", "Services\Ordering\Ordering.API\Ordering.API.csproj", "{2B5C5FE2-1C51-4E70-ADC0-10E816372621}"
EndProject
Project("{FAE04EC0-301F-11D3-BF4B-00C04F79EFBC}") = "Ordering.Domain", "Services\Ordering\Ordering.Domain\Ordering.Domain.csproj", "{992AC321-1DD5-42FE-96D2-8D07C8696BDA}"
EndProject
Project("{FAE04EC0-301F-11D3-BF4B-00C04F79EFBC}") = "Ordering.Application", "Services\Ordering\Ordering.Application\Ordering.Application.csproj", "{0E5CCD35-4A16-4B68-965F-C91FB011DABC}"
EndProject
Project("{FAE04EC0-301F-11D3-BF4B-00C04F79EFBC}") = "Ordering.Infrastructure", "Services\Ordering\Ordering.Infrastructure\Ordering.Infrastructure.csproj", "{4619C027-0BB9-4B85-8DAB-763C4738335F}"
EndProject
Global
	GlobalSection(SolutionConfigurationPlatforms) = preSolution
		Debug|Any CPU = Debug|Any CPU
		Release|Any CPU = Release|Any CPU
	EndGlobalSection
	GlobalSection(ProjectConfigurationPlatforms) = postSolution
		{7107F01A-026C-4F64-9AE3-A7A331B8BD68}.Debug|Any CPU.ActiveCfg = Debug|Any CPU
		{7107F01A-026C-4F64-9AE3-A7A331B8BD68}.Debug|Any CPU.Build.0 = Debug|Any CPU
		{7107F01A-026C-4F64-9AE3-A7A331B8BD68}.Release|Any CPU.ActiveCfg = Release|Any CPU
		{7107F01A-026C-4F64-9AE3-A7A331B8BD68}.Release|Any CPU.Build.0 = Release|Any CPU
		{F26B9D8A-FA87-49FD-BE3F-14F0C292B431}.Debug|Any CPU.ActiveCfg = Debug|Any CPU
		{F26B9D8A-FA87-49FD-BE3F-14F0C292B431}.Debug|Any CPU.Build.0 = Debug|Any CPU
		{F26B9D8A-FA87-49FD-BE3F-14F0C292B431}.Release|Any CPU.ActiveCfg = Release|Any CPU
		{F26B9D8A-FA87-49FD-BE3F-14F0C292B431}.Release|Any CPU.Build.0 = Release|Any CPU
		{99D80DD6-7BF1-4FE0-913E-158C434C387B}.Debug|Any CPU.ActiveCfg = Debug|Any CPU
		{99D80DD6-7BF1-4FE0-913E-158C434C387B}.Debug|Any CPU.Build.0 = Debug|Any CPU
		{99D80DD6-7BF1-4FE0-913E-158C434C387B}.Release|Any CPU.ActiveCfg = Release|Any CPU
		{99D80DD6-7BF1-4FE0-913E-158C434C387B}.Release|Any CPU.Build.0 = Release|Any CPU
		{CA773533-FE09-4648-A14B-2CEF7E0B14D2}.Debug|Any CPU.ActiveCfg = Debug|Any CPU
		{CA773533-FE09-4648-A14B-2CEF7E0B14D2}.Debug|Any CPU.Build.0 = Debug|Any CPU
		{CA773533-FE09-4648-A14B-2CEF7E0B14D2}.Release|Any CPU.ActiveCfg = Release|Any CPU
		{CA773533-FE09-4648-A14B-2CEF7E0B14D2}.Release|Any CPU.Build.0 = Release|Any CPU
		{E45B4A98-6DF3-4F9C-A30B-EA6EE8D345B2}.Debug|Any CPU.ActiveCfg = Debug|Any CPU
		{E45B4A98-6DF3-4F9C-A30B-EA6EE8D345B2}.Debug|Any CPU.Build.0 = Debug|Any CPU
		{E45B4A98-6DF3-4F9C-A30B-EA6EE8D345B2}.Release|Any CPU.ActiveCfg = Release|Any CPU
		{E45B4A98-6DF3-4F9C-A30B-EA6EE8D345B2}.Release|Any CPU.Build.0 = Release|Any CPU
		{2B5C5FE2-1C51-4E70-ADC0-10E816372621}.Debug|Any CPU.ActiveCfg = Debug|Any CPU
		{2B5C5FE2-1C51-4E70-ADC0-10E816372621}.Debug|Any CPU.Build.0 = Debug|Any CPU
		{2B5C5FE2-1C51-4E70-ADC0-10E816372621}.Release|Any CPU.ActiveCfg = Release|Any CPU
		{2B5C5FE2-1C51-4E70-ADC0-10E816372621}.Release|Any CPU.Build.0 = Release|Any CPU
		{992AC321-1DD5-42FE-96D2-8D07C8696BDA}.Debug|Any CPU.ActiveCfg = Debug|Any CPU
		{992AC321-1DD5-42FE-96D2-8D07C8696BDA}.Debug|Any CPU.Build.0 = Debug|Any CPU
		{992AC321-1DD5-42FE-96D2-8D07C8696BDA}.Release|Any CPU.ActiveCfg = Release|Any CPU
		{992AC321-1DD5-42FE-96D2-8D07C8696BDA}.Release|Any CPU.Build.0 = Release|Any CPU
		{0E5CCD35-4A16-4B68-965F-C91FB011DABC}.Debug|Any CPU.ActiveCfg = Debug|Any CPU
		{0E5CCD35-4A16-4B68-965F-C91FB011DABC}.Debug|Any CPU.Build.0 = Debug|Any CPU
		{0E5CCD35-4A16-4B68-965F-C91FB011DABC}.Release|Any CPU.ActiveCfg = Release|Any CPU
		{0E5CCD35-4A16-4B68-965F-C91FB011DABC}.Release|Any CPU.Build.0 = Release|Any CPU
		{4619C027-0BB9-4B85-8DAB-763C4738335F}.Debug|Any CPU.ActiveCfg = Debug|Any CPU
		{4619C027-0BB9-4B85-8DAB-763C4738335F}.Debug|Any CPU.Build.0 = Debug|Any CPU
		{4619C027-0BB9-4B85-8DAB-763C4738335F}.Release|Any CPU.ActiveCfg = Release|Any CPU
		{4619C027-0BB9-4B85-8DAB-763C4738335F}.Release|Any CPU.Build.0 = Release|Any CPU
	EndGlobalSection
	GlobalSection(SolutionProperties) = preSolution
		HideSolutionNode = FALSE
	EndGlobalSection
	GlobalSection(NestedProjects) = preSolution
		{0C24D22C-853F-42A1-A16F-1C77F5AF9655} = {CA5F485B-E3EF-47D7-BAFB-6D98A1F885CA}
		{7107F01A-026C-4F64-9AE3-A7A331B8BD68} = {0C24D22C-853F-42A1-A16F-1C77F5AF9655}
		{F125519A-F78C-4E65-89E6-8983BE4E11EF} = {CA5F485B-E3EF-47D7-BAFB-6D98A1F885CA}
		{99D80DD6-7BF1-4FE0-913E-158C434C387B} = {F125519A-F78C-4E65-89E6-8983BE4E11EF}
		{63C8C189-B45D-4968-AF10-3D355760A0D5} = {CA5F485B-E3EF-47D7-BAFB-6D98A1F885CA}
		{CA773533-FE09-4648-A14B-2CEF7E0B14D2} = {63C8C189-B45D-4968-AF10-3D355760A0D5}
		{E45B4A98-6DF3-4F9C-A30B-EA6EE8D345B2} = {63C8C189-B45D-4968-AF10-3D355760A0D5}
		{95E12BB0-D04D-49F0-B9BD-AC07B0D9FEE2} = {CA5F485B-E3EF-47D7-BAFB-6D98A1F885CA}
		{2B5C5FE2-1C51-4E70-ADC0-10E816372621} = {95E12BB0-D04D-49F0-B9BD-AC07B0D9FEE2}
		{992AC321-1DD5-42FE-96D2-8D07C8696BDA} = {95E12BB0-D04D-49F0-B9BD-AC07B0D9FEE2}
		{0E5CCD35-4A16-4B68-965F-C91FB011DABC} = {95E12BB0-D04D-49F0-B9BD-AC07B0D9FEE2}
		{4619C027-0BB9-4B85-8DAB-763C4738335F} = {95E12BB0-D04D-49F0-B9BD-AC07B0D9FEE2}
	EndGlobalSection
	GlobalSection(ExtensibilityGlobals) = postSolution
		SolutionGuid = {1AF00132-24C6-4D39-94F8-3A07CE80EDB9}
	EndGlobalSection
EndGlobal
